{
  "version": 4,
  "terraform_version": "1.14.5",
  "serial": 6,
  "lineage": "53313322-8c40-e9b5-4ea2-ec0a9616bc3d",
  "outputs": {},
  "resources": [
    {
      "mode": "managed",
      "type": "kubernetes_config_map",
      "name": "app_config",
      "provider": "provider[\"registry.terraform.io/hashicorp/kubernetes\"]",
      "instances": [
        {
          "schema_version": 0,
          "attributes": {
            "binary_data": null,
            "data": {
              "APP_ENV": "development",
              "LOG_LEVEL": "info",
              "METRICS_ENABLED": "true"
            },
            "id": "gitops-app/gitops-app-config",
            "immutable": false,
            "metadata": [
              {
                "annotations": null,
                "generate_name": "",
                "generation": 0,
                "labels": {
                  "app": "gitops-app",
                  "managed-by": "terraform"
                },
                "name": "gitops-app-config",
                "namespace": "gitops-app",
                "resource_version": "20197",
                "uid": "72e95093-1787-4bdd-b607-52579249135d"
              }
            ]
          },
          "sensitive_attributes": [],
          "identity_schema_version": 1,
          "identity": {
            "api_version": "v1",
            "kind": "ConfigMap",
            "name": "gitops-app-config",
            "namespace": "gitops-app"
          },
          "private": "bnVsbA=="
        }
      ]
    },
    {
      "mode": "managed",
      "type": "kubernetes_namespace",
      "name": "gitops_app",
      "provider": "provider[\"registry.terraform.io/hashicorp/kubernetes\"]",
      "instances": [
        {
          "schema_version": 0,
          "attributes": {
            "id": "gitops-app",
            "metadata": [
              {
                "annotations": {
                  "argocd.argoproj.io/tracking-id": "gitops-app:/Namespace:gitops-app/gitops-app"
                },
                "generate_name": "",
                "generation": 0,
                "labels": {},
                "name": "gitops-app",
                "resource_version": "10492",
                "uid": "2e157315-32ed-426c-bbfe-6c7a74cd8119"
              }
            ],
            "timeouts": null,
            "wait_for_default_service_account": null
          },
          "sensitive_attributes": [],
          "identity_schema_version": 1,
          "identity": {
            "api_version": "v1",
            "kind": "Namespace",
            "name": "gitops-app"
          },
          "private": "eyJlMmJmYjczMC1lY2FhLTExZTYtOGY4OC0zNDM2M2JjN2M0YzAiOnsiZGVsZXRlIjozMDAwMDAwMDAwMDB9LCJzY2hlbWFfdmVyc2lvbiI6IjAifQ=="
        }
      ]
    },
    {
      "mode": "managed",
      "type": "kubernetes_namespace",
      "name": "monitoring",
      "provider": "provider[\"registry.terraform.io/hashicorp/kubernetes\"]",
      "instances": [
        {
          "schema_version": 0,
          "attributes": {
            "id": "monitoring",
            "metadata": [
              {
                "annotations": {},
                "generate_name": "",
                "generation": 0,
                "labels": {},
                "name": "monitoring",
                "resource_version": "10778",
                "uid": "0227a7c5-1543-4445-8579-6b3766cd5ada"
              }
            ],
            "timeouts": null,
            "wait_for_default_service_account": null
          },
          "sensitive_attributes": [],
          "identity_schema_version": 1,
          "identity": {
            "api_version": "v1",
            "kind": "Namespace",
            "name": "monitoring"
          },
          "private": "eyJlMmJmYjczMC1lY2FhLTExZTYtOGY4OC0zNDM2M2JjN2M0YzAiOnsiZGVsZXRlIjozMDAwMDAwMDAwMDB9LCJzY2hlbWFfdmVyc2lvbiI6IjAifQ=="
        }
      ]
    }
  ],
  "check_results": null
}
